
Microsoft Visual Studio Solution File, Format Version 12.00
# Visual Studio Version 16
VisualStudioVersion = 16.0.29728.190
MinimumVisualStudioVersion = 10.0.40219.1
Project("{8BC9CEB8-8B4A-11D0-8D11-00A0C91BC942}") = "大小端测试", "大小端测试\大小端测试.vcxproj", "{578220AF-ED2E-475A-B169-0F5FD939BFC4}"
EndProject
Global
	GlobalSection(SolutionConfigurationPlatforms) = preSolution
		Debug|x64 = Debug|x64
		Debug|x86 = Debug|x86
		Release|x64 = Release|x64
		Release|x86 = Release|x86
	EndGlobalSection
	GlobalSection(ProjectConfigurationPlatforms) = postSolution
		{578220AF-ED2E-475A-B169-0F5FD939BFC4}.Debug|x64.ActiveCfg = Debug|x64
		{578220AF-ED2E-475A-B169-0F5FD939BFC4}.Debug|x64.Build.0 = Debug|x64
		{578220AF-ED2E-475A-B169-0F5FD939BFC4}.Debug|x86.ActiveCfg = Debug|Win32
		{578220AF-ED2E-475A-B169-0F5FD939BFC4}.Debug|x86.Build.0 = Debug|Win32
		{578220AF-ED2E-475A-B169-0F5FD939BFC4}.Release|x64.ActiveCfg = Release|x64
		{578220AF-ED2E-475A-B169-0F5FD939BFC4}.Release|x64.Build.0 = Release|x64
		{578220AF-ED2E-475A-B169-0F5FD939BFC4}.Release|x86.ActiveCfg = Release|Win32
		{578220AF-ED2E-475A-B169-0F5FD939BFC4}.Release|x86.Build.0 = Release|Win32
	EndGlobalSection
	GlobalSection(SolutionProperties) = preSolution
		HideSolutionNode = FALSE
	EndGlobalSection
	GlobalSection(ExtensibilityGlobals) = postSolution
		SolutionGuid = {D4346982-63EB-48F4-AC49-C5F1FB26AE07}
	EndGlobalSection
EndGlobal
